{
  "name": "tree-sitter-gneiss",
  "lockfileVersion": 3,
  "requires": true,
  "packages": {
    "": {
      "dependencies": {
        "nan": "^2.17.0"
      },
      "devDependencies": {
        "prettier": "^2.8.4",
        "tree-sitter-cli": "^0.20.7"
      }
    },
    "node_modules/nan": {
      "version": "2.17.0",
      "license": "MIT"
    },
    "node_modules/prettier": {
      "version": "2.8.4",
      "dev": true,
      "license": "MIT",
      "bin": {
        "prettier": "bin-prettier.js"
      },
      "engines": {
        "node": ">=10.13.0"
      },
      "funding": {
        "url": "https://github.com/prettier/prettier?sponsor=1"
      }
    },
    "node_modules/tree-sitter-cli": {
      "version": "0.20.7",
      "dev": true,
      "hasInstallScript": true,
      "license": "MIT",
      "bin": {
        "tree-sitter": "cli.js"
      }
    }
  }
}
